
Microsoft Visual Studio Solution File, Format Version 12.00
# Visual Studio 2013
VisualStudioVersion = 12.0.31101.0
MinimumVisualStudioVersion = 10.0.40219.1
Project("{FAE04EC0-301F-11D3-BF4B-00C04F79EFBC}") = "Mewa.CacheService", "Mewa.CacheService\Mewa.CacheService.csproj", "{EF2868C3-FC34-4F39-9B89-226867505351}"
EndProject
Project("{FAE04EC0-301F-11D3-BF4B-00C04F79EFBC}") = "Mewa.Cache.Domain", "Mewa.Cache.Domain\Mewa.Cache.Domain.csproj", "{63F1CA2C-F3F6-4C08-8048-2E414190E5D1}"
EndProject
Project("{FAE04EC0-301F-11D3-BF4B-00C04F79EFBC}") = "Mewa.Cache.Infrastructure", "Mewa.Cache.Infrastructure\Mewa.Cache.Infrastructure.csproj", "{35EFDB47-F551-468B-984E-8052C2099A19}"
EndProject
Project("{FAE04EC0-301F-11D3-BF4B-00C04F79EFBC}") = "Mewa.Cache.UnitTests", "Mewa.Cache.UnitTests\Mewa.Cache.UnitTests.csproj", "{E55BA466-9637-44FC-855B-4AE32463C2F8}"
EndProject
Project("{FAE04EC0-301F-11D3-BF4B-00C04F79EFBC}") = "Mewa.Cache.WebServiceHost", "Mewa.Cache.WebServiceHost\Mewa.Cache.WebServiceHost.csproj", "{F5CC4DC2-CA93-40E3-9E80-04582D2A7D43}"
EndProject
Global
	GlobalSection(SolutionConfigurationPlatforms) = preSolution
		Debug|Any CPU = Debug|Any CPU
		Release|Any CPU = Release|Any CPU
	EndGlobalSection
	GlobalSection(ProjectConfigurationPlatforms) = postSolution
		{EF2868C3-FC34-4F39-9B89-226867505351}.Debug|Any CPU.ActiveCfg = Debug|Any CPU
		{EF2868C3-FC34-4F39-9B89-226867505351}.Debug|Any CPU.Build.0 = Debug|Any CPU
		{EF2868C3-FC34-4F39-9B89-226867505351}.Release|Any CPU.ActiveCfg = Release|Any CPU
		{EF2868C3-FC34-4F39-9B89-226867505351}.Release|Any CPU.Build.0 = Release|Any CPU
		{63F1CA2C-F3F6-4C08-8048-2E414190E5D1}.Debug|Any CPU.ActiveCfg = Debug|Any CPU
		{63F1CA2C-F3F6-4C08-8048-2E414190E5D1}.Debug|Any CPU.Build.0 = Debug|Any CPU
		{63F1CA2C-F3F6-4C08-8048-2E414190E5D1}.Release|Any CPU.ActiveCfg = Release|Any CPU
		{63F1CA2C-F3F6-4C08-8048-2E414190E5D1}.Release|Any CPU.Build.0 = Release|Any CPU
		{35EFDB47-F551-468B-984E-8052C2099A19}.Debug|Any CPU.ActiveCfg = Debug|Any CPU
		{35EFDB47-F551-468B-984E-8052C2099A19}.Debug|Any CPU.Build.0 = Debug|Any CPU
		{35EFDB47-F551-468B-984E-8052C2099A19}.Release|Any CPU.ActiveCfg = Release|Any CPU
		{35EFDB47-F551-468B-984E-8052C2099A19}.Release|Any CPU.Build.0 = Release|Any CPU
		{E55BA466-9637-44FC-855B-4AE32463C2F8}.Debug|Any CPU.ActiveCfg = Debug|Any CPU
		{E55BA466-9637-44FC-855B-4AE32463C2F8}.Debug|Any CPU.Build.0 = Debug|Any CPU
		{E55BA466-9637-44FC-855B-4AE32463C2F8}.Release|Any CPU.ActiveCfg = Release|Any CPU
		{E55BA466-9637-44FC-855B-4AE32463C2F8}.Release|Any CPU.Build.0 = Release|Any CPU
		{F5CC4DC2-CA93-40E3-9E80-04582D2A7D43}.Debug|Any CPU.ActiveCfg = Debug|Any CPU
		{F5CC4DC2-CA93-40E3-9E80-04582D2A7D43}.Debug|Any CPU.Build.0 = Debug|Any CPU
		{F5CC4DC2-CA93-40E3-9E80-04582D2A7D43}.Release|Any CPU.ActiveCfg = Release|Any CPU
		{F5CC4DC2-CA93-40E3-9E80-04582D2A7D43}.Release|Any CPU.Build.0 = Release|Any CPU
	EndGlobalSection
	GlobalSection(SolutionProperties) = preSolution
		HideSolutionNode = FALSE
	EndGlobalSection
EndGlobal
